
Microsoft Visual Studio Solution File, Format Version 12.00
# Visual Studio 15
Project("{FAE04EC0-301F-11D3-BF4B-00C04F79EFBC}") = "VFolders", "VFolders.csproj", "{3B32F569-D70F-8D04-A87C-906625E747FF}"
EndProject
Project("{FAE04EC0-301F-11D3-BF4B-00C04F79EFBC}") = "Assembly-CSharp", "Assembly-CSharp.csproj", "{D49D8E5C-91BF-A7E1-DACB-E60696391C9C}"
EndProject
Project("{FAE04EC0-301F-11D3-BF4B-00C04F79EFBC}") = "Sirenix.OdinInspector.Modules.UnityMathematics", "Sirenix.OdinInspector.Modules.UnityMathematics.csproj", "{F447D2B7-3631-F3CC-34B4-A1CA5A521DE8}"
EndProject
Global
	GlobalSection(SolutionConfigurationPlatforms) = preSolution
		Debug|Any CPU = Debug|Any CPU
		Release|Any CPU = Release|Any CPU
	EndGlobalSection
	GlobalSection(ProjectConfigurationPlatforms) = postSolution
		{3B32F569-D70F-8D04-A87C-906625E747FF}.Debug|Any CPU.ActiveCfg = Debug|Any CPU
		{3B32F569-D70F-8D04-A87C-906625E747FF}.Debug|Any CPU.Build.0 = Debug|Any CPU
		{3B32F569-D70F-8D04-A87C-906625E747FF}.Release|Any CPU.ActiveCfg = Release|Any CPU
		{3B32F569-D70F-8D04-A87C-906625E747FF}.Release|Any CPU.Build.0 = Release|Any CPU
		{D49D8E5C-91BF-A7E1-DACB-E60696391C9C}.Debug|Any CPU.ActiveCfg = Debug|Any CPU
		{D49D8E5C-91BF-A7E1-DACB-E60696391C9C}.Debug|Any CPU.Build.0 = Debug|Any CPU
		{D49D8E5C-91BF-A7E1-DACB-E60696391C9C}.Release|Any CPU.ActiveCfg = Release|Any CPU
		{D49D8E5C-91BF-A7E1-DACB-E60696391C9C}.Release|Any CPU.Build.0 = Release|Any CPU
		{F447D2B7-3631-F3CC-34B4-A1CA5A521DE8}.Debug|Any CPU.ActiveCfg = Debug|Any CPU
		{F447D2B7-3631-F3CC-34B4-A1CA5A521DE8}.Debug|Any CPU.Build.0 = Debug|Any CPU
		{F447D2B7-3631-F3CC-34B4-A1CA5A521DE8}.Release|Any CPU.ActiveCfg = Release|Any CPU
		{F447D2B7-3631-F3CC-34B4-A1CA5A521DE8}.Release|Any CPU.Build.0 = Release|Any CPU
	EndGlobalSection
	GlobalSection(SolutionProperties) = preSolution
		HideSolutionNode = FALSE
	EndGlobalSection
EndGlobal
