
Microsoft Visual Studio Solution File, Format Version 12.00
# Visual Studio 15
Project("{FAE04EC0-301F-11D3-BF4B-00C04F79EFBC}") = "VFolders", "VFolders.csproj", "{3B32F569-D70F-8D04-A87C-906625E747FF}"
EndProject
Project("{FAE04EC0-301F-11D3-BF4B-00C04F79EFBC}") = "Assembly-CSharp", "Assembly-CSharp.csproj", "{D49D8E5C-91BF-A7E1-DACB-E60696391C9C}"
EndProject
<<<<<<< HEAD
Project("{FAE04EC0-301F-11D3-BF4B-00C04F79EFBC}") = "Sirenix.OdinInspector.Modules.UnityMathematics", "Sirenix.OdinInspector.Modules.UnityMathematics.csproj", "{F447D2B7-3631-F3CC-34B4-A1CA5A521DE8}"
=======
Project("{FAE04EC0-301F-11D3-BF4B-00C04F79EFBC}") = "Sirenix.OdinInspector.Modules.Unity.Addressables", "Sirenix.OdinInspector.Modules.Unity.Addressables.csproj", "{30ff5248-6404-dd80-8afa-6c17f4032bac}"
EndProject
Project("{FAE04EC0-301F-11D3-BF4B-00C04F79EFBC}") = "Sirenix.OdinInspector.Modules.UnityMathematics", "Sirenix.OdinInspector.Modules.UnityMathematics.csproj", "{b7d247f4-3136-ccf3-34b4-a1ca5a521de8}"
EndProject
Project("{FAE04EC0-301F-11D3-BF4B-00C04F79EFBC}") = "Assembly-CSharp-firstpass", "Assembly-CSharp-firstpass.csproj", "{778c7551-9c6e-2728-abb7-b60046b71289}"
EndProject
Project("{FAE04EC0-301F-11D3-BF4B-00C04F79EFBC}") = "Assembly-CSharp-Editor-firstpass", "Assembly-CSharp-Editor-firstpass.csproj", "{74d77dce-eccf-5706-d00d-841841354bbf}"
>>>>>>> LocalMultiplayerAndPlayerActions
EndProject
Global
	GlobalSection(SolutionConfigurationPlatforms) = preSolution
		Debug|Any CPU = Debug|Any CPU
		Release|Any CPU = Release|Any CPU
	EndGlobalSection
	GlobalSection(ProjectConfigurationPlatforms) = postSolution
<<<<<<< HEAD
		{3B32F569-D70F-8D04-A87C-906625E747FF}.Debug|Any CPU.ActiveCfg = Debug|Any CPU
		{3B32F569-D70F-8D04-A87C-906625E747FF}.Debug|Any CPU.Build.0 = Debug|Any CPU
		{3B32F569-D70F-8D04-A87C-906625E747FF}.Release|Any CPU.ActiveCfg = Release|Any CPU
		{3B32F569-D70F-8D04-A87C-906625E747FF}.Release|Any CPU.Build.0 = Release|Any CPU
		{D49D8E5C-91BF-A7E1-DACB-E60696391C9C}.Debug|Any CPU.ActiveCfg = Debug|Any CPU
		{D49D8E5C-91BF-A7E1-DACB-E60696391C9C}.Debug|Any CPU.Build.0 = Debug|Any CPU
		{D49D8E5C-91BF-A7E1-DACB-E60696391C9C}.Release|Any CPU.ActiveCfg = Release|Any CPU
		{D49D8E5C-91BF-A7E1-DACB-E60696391C9C}.Release|Any CPU.Build.0 = Release|Any CPU
		{F447D2B7-3631-F3CC-34B4-A1CA5A521DE8}.Debug|Any CPU.ActiveCfg = Debug|Any CPU
		{F447D2B7-3631-F3CC-34B4-A1CA5A521DE8}.Debug|Any CPU.Build.0 = Debug|Any CPU
		{F447D2B7-3631-F3CC-34B4-A1CA5A521DE8}.Release|Any CPU.ActiveCfg = Release|Any CPU
		{F447D2B7-3631-F3CC-34B4-A1CA5A521DE8}.Release|Any CPU.Build.0 = Release|Any CPU
=======
		{69f5323b-0fd7-048d-a87c-906625e747ff}.Debug|Any CPU.ActiveCfg = Debug|Any CPU
		{69f5323b-0fd7-048d-a87c-906625e747ff}.Debug|Any CPU.Build.0 = Debug|Any CPU
		{5c8e9dd4-bf91-e1a7-dacb-e60696391c9c}.Debug|Any CPU.ActiveCfg = Debug|Any CPU
		{5c8e9dd4-bf91-e1a7-dacb-e60696391c9c}.Debug|Any CPU.Build.0 = Debug|Any CPU
		{30ff5248-6404-dd80-8afa-6c17f4032bac}.Debug|Any CPU.ActiveCfg = Debug|Any CPU
		{30ff5248-6404-dd80-8afa-6c17f4032bac}.Debug|Any CPU.Build.0 = Debug|Any CPU
		{b7d247f4-3136-ccf3-34b4-a1ca5a521de8}.Debug|Any CPU.ActiveCfg = Debug|Any CPU
		{b7d247f4-3136-ccf3-34b4-a1ca5a521de8}.Debug|Any CPU.Build.0 = Debug|Any CPU
		{778c7551-9c6e-2728-abb7-b60046b71289}.Debug|Any CPU.ActiveCfg = Debug|Any CPU
		{778c7551-9c6e-2728-abb7-b60046b71289}.Debug|Any CPU.Build.0 = Debug|Any CPU
		{74d77dce-eccf-5706-d00d-841841354bbf}.Debug|Any CPU.ActiveCfg = Debug|Any CPU
		{74d77dce-eccf-5706-d00d-841841354bbf}.Debug|Any CPU.Build.0 = Debug|Any CPU
>>>>>>> LocalMultiplayerAndPlayerActions
	EndGlobalSection
	GlobalSection(SolutionProperties) = preSolution
		HideSolutionNode = FALSE
	EndGlobalSection
EndGlobal
